[0m[1mazurerm_resource_group.myterraformgroup: Refreshing state... [id=/subscriptions/1c3b43a4-90da-4988-9598-cab119913f5d/resourceGroups/rg-wl-prod-eucpackaging][0m
[0m[1mazurerm_public_ip.myterraformpublicip: Refreshing state... [id=/subscriptions/1c3b43a4-90da-4988-9598-cab119913f5d/resourceGroups/rg-wl-prod-eucpackaging/providers/Microsoft.Network/publicIPAddresses/vmwleucvan106-ip][0m
[0m[1mazurerm_virtual_network.myterraformnetwork: Refreshing state... [id=/subscriptions/1c3b43a4-90da-4988-9598-cab119913f5d/resourceGroups/rg-wl-prod-eucpackaging/providers/Microsoft.Network/virtualNetworks/PackagingVnetPROD][0m
[0m[1mazurerm_network_security_group.myterraformnsg: Refreshing state... [id=/subscriptions/1c3b43a4-90da-4988-9598-cab119913f5d/resourceGroups/rg-wl-prod-eucpackaging/providers/Microsoft.Network/networkSecurityGroups/PackagingNsgPROD][0m
[0m[1mazurerm_subnet.myterraformsubnet: Refreshing state... [id=/subscriptions/1c3b43a4-90da-4988-9598-cab119913f5d/resourceGroups/rg-wl-prod-eucpackaging/providers/Microsoft.Network/virtualNetworks/PackagingVnetPROD/subnets/default][0m
[0m[1mazurerm_network_interface.myterraformnic: Refreshing state... [id=/subscriptions/1c3b43a4-90da-4988-9598-cab119913f5d/resourceGroups/rg-wl-prod-eucpackaging/providers/Microsoft.Network/networkInterfaces/vmwleucvan106-nic][0m
[0m[1mazurerm_network_interface_security_group_association.example: Refreshing state... [id=/subscriptions/1c3b43a4-90da-4988-9598-cab119913f5d/resourceGroups/rg-wl-prod-eucpackaging/providers/Microsoft.Network/networkInterfaces/vmwleucvan106-nic|/subscriptions/1c3b43a4-90da-4988-9598-cab119913f5d/resourceGroups/rg-wl-prod-eucpackaging/providers/Microsoft.Network/networkSecurityGroups/PackagingNsgPROD][0m
[0m[1mazurerm_windows_virtual_machine.myterraformvm: Refreshing state... [id=/subscriptions/1c3b43a4-90da-4988-9598-cab119913f5d/resourceGroups/rg-wl-prod-eucpackaging/providers/Microsoft.Compute/virtualMachines/vmwleucvan106][0m

An execution plan has been generated and is shown below.
Resource actions are indicated with the following symbols:
  [32m+[0m create
[0m
Terraform will perform the following actions:

[1m  # azurerm_network_interface.myterraformnic[0m will be created[0m[0m
[0m  [32m+[0m[0m resource "azurerm_network_interface" "myterraformnic" {
      [32m+[0m [0m[1m[0mapplied_dns_servers[0m[0m           = (known after apply)
      [32m+[0m [0m[1m[0mdns_servers[0m[0m                   = (known after apply)
      [32m+[0m [0m[1m[0menable_accelerated_networking[0m[0m = false
      [32m+[0m [0m[1m[0menable_ip_forwarding[0m[0m          = false
      [32m+[0m [0m[1m[0mid[0m[0m                            = (known after apply)
      [32m+[0m [0m[1m[0minternal_dns_name_label[0m[0m       = (known after apply)
      [32m+[0m [0m[1m[0minternal_domain_name_suffix[0m[0m   = (known after apply)
      [32m+[0m [0m[1m[0mlocation[0m[0m                      = "eastus"
      [32m+[0m [0m[1m[0mmac_address[0m[0m                   = (known after apply)
      [32m+[0m [0m[1m[0mname[0m[0m                          = "vmwleucvan106-nic"
      [32m+[0m [0m[1m[0mprivate_ip_address[0m[0m            = (known after apply)
      [32m+[0m [0m[1m[0mprivate_ip_addresses[0m[0m          = (known after apply)
      [32m+[0m [0m[1m[0mresource_group_name[0m[0m           = "rg-wl-prod-eucpackaging"
      [32m+[0m [0m[1m[0mtags[0m[0m                          = {
          [32m+[0m [0m"environment" = "Terraform Demo"
        }
      [32m+[0m [0m[1m[0mvirtual_machine_id[0m[0m            = (known after apply)

      [32m+[0m [0mip_configuration {
          [32m+[0m [0m[1m[0mname[0m[0m                          = "myNicConfiguration"
          [32m+[0m [0m[1m[0mprimary[0m[0m                       = (known after apply)
          [32m+[0m [0m[1m[0mprivate_ip_address[0m[0m            = (known after apply)
          [32m+[0m [0m[1m[0mprivate_ip_address_allocation[0m[0m = "dynamic"
          [32m+[0m [0m[1m[0mprivate_ip_address_version[0m[0m    = "IPv4"
          [32m+[0m [0m[1m[0mpublic_ip_address_id[0m[0m          = (known after apply)
          [32m+[0m [0m[1m[0msubnet_id[0m[0m                     = "/subscriptions/1c3b43a4-90da-4988-9598-cab119913f5d/resourceGroups/rg-wl-prod-eucpackaging/providers/Microsoft.Network/virtualNetworks/PackagingVnetPROD/subnets/default"
        }
    }

[1m  # azurerm_network_interface_security_group_association.example[0m will be created[0m[0m
[0m  [32m+[0m[0m resource "azurerm_network_interface_security_group_association" "example" {
      [32m+[0m [0m[1m[0mid[0m[0m                        = (known after apply)
      [32m+[0m [0m[1m[0mnetwork_interface_id[0m[0m      = (known after apply)
      [32m+[0m [0m[1m[0mnetwork_security_group_id[0m[0m = "/subscriptions/1c3b43a4-90da-4988-9598-cab119913f5d/resourceGroups/rg-wl-prod-eucpackaging/providers/Microsoft.Network/networkSecurityGroups/PackagingNsgPROD"
    }

[1m  # azurerm_public_ip.myterraformpublicip[0m will be created[0m[0m
[0m  [32m+[0m[0m resource "azurerm_public_ip" "myterraformpublicip" {
      [32m+[0m [0m[1m[0mallocation_method[0m[0m       = "Dynamic"
      [32m+[0m [0m[1m[0mfqdn[0m[0m                    = (known after apply)
      [32m+[0m [0m[1m[0mid[0m[0m                      = (known after apply)
      [32m+[0m [0m[1m[0midle_timeout_in_minutes[0m[0m = 4
      [32m+[0m [0m[1m[0mip_address[0m[0m              = (known after apply)
      [32m+[0m [0m[1m[0mip_version[0m[0m              = "IPv4"
      [32m+[0m [0m[1m[0mlocation[0m[0m                = "eastus"
      [32m+[0m [0m[1m[0mname[0m[0m                    = "vmwleucvan106-ip"
      [32m+[0m [0m[1m[0mresource_group_name[0m[0m     = "rg-wl-prod-eucpackaging"
      [32m+[0m [0m[1m[0msku[0m[0m                     = "Basic"
      [32m+[0m [0m[1m[0mtags[0m[0m                    = {
          [32m+[0m [0m"environment" = "Terraform Demo"
        }
    }

[1m  # azurerm_windows_virtual_machine.myterraformvm[0m will be created[0m[0m
[0m  [32m+[0m[0m resource "azurerm_windows_virtual_machine" "myterraformvm" {
      [32m+[0m [0m[1m[0madmin_password[0m[0m             = (sensitive value)
      [32m+[0m [0m[1m[0madmin_username[0m[0m             = "apppackager"
      [32m+[0m [0m[1m[0mallow_extension_operations[0m[0m = true
      [32m+[0m [0m[1m[0mcomputer_name[0m[0m              = "vmwleucvan106"
      [32m+[0m [0m[1m[0menable_automatic_updates[0m[0m   = true
      [32m+[0m [0m[1m[0mextensions_time_budget[0m[0m     = "PT1H30M"
      [32m+[0m [0m[1m[0mid[0m[0m                         = (known after apply)
      [32m+[0m [0m[1m[0mlocation[0m[0m                   = "eastus"
      [32m+[0m [0m[1m[0mmax_bid_price[0m[0m              = -1
      [32m+[0m [0m[1m[0mname[0m[0m                       = "vmwleucvan106"
      [32m+[0m [0m[1m[0mnetwork_interface_ids[0m[0m      = (known after apply)
      [32m+[0m [0m[1m[0mpatch_mode[0m[0m                 = "AutomaticByOS"
      [32m+[0m [0m[1m[0mpriority[0m[0m                   = "Regular"
      [32m+[0m [0m[1m[0mprivate_ip_address[0m[0m         = (known after apply)
      [32m+[0m [0m[1m[0mprivate_ip_addresses[0m[0m       = (known after apply)
      [32m+[0m [0m[1m[0mprovision_vm_agent[0m[0m         = true
      [32m+[0m [0m[1m[0mpublic_ip_address[0m[0m          = (known after apply)
      [32m+[0m [0m[1m[0mpublic_ip_addresses[0m[0m        = (known after apply)
      [32m+[0m [0m[1m[0mresource_group_name[0m[0m        = "rg-wl-prod-eucpackaging"
      [32m+[0m [0m[1m[0msize[0m[0m                       = "Standard_B2s"
      [32m+[0m [0m[1m[0mtags[0m[0m                       = {
          [32m+[0m [0m"environment" = "Terraform Demo"
        }
      [32m+[0m [0m[1m[0mvirtual_machine_id[0m[0m         = (known after apply)
      [32m+[0m [0m[1m[0mzone[0m[0m                       = (known after apply)

      [32m+[0m [0midentity {
          [32m+[0m [0m[1m[0mprincipal_id[0m[0m = (known after apply)
          [32m+[0m [0m[1m[0mtenant_id[0m[0m    = (known after apply)
          [32m+[0m [0m[1m[0mtype[0m[0m         = "SystemAssigned"
        }

      [32m+[0m [0mos_disk {
          [32m+[0m [0m[1m[0mcaching[0m[0m                   = "ReadWrite"
          [32m+[0m [0m[1m[0mdisk_size_gb[0m[0m              = (known after apply)
          [32m+[0m [0m[1m[0mname[0m[0m                      = "vmwleucvan106-osdisk"
          [32m+[0m [0m[1m[0mstorage_account_type[0m[0m      = "Premium_LRS"
          [32m+[0m [0m[1m[0mwrite_accelerator_enabled[0m[0m = false
        }

      [32m+[0m [0msource_image_reference {
          [32m+[0m [0m[1m[0moffer[0m[0m     = "Windows-10"
          [32m+[0m [0m[1m[0mpublisher[0m[0m = "MicrosoftWindowsDesktop"
          [32m+[0m [0m[1m[0msku[0m[0m       = "20h2-ent"
          [32m+[0m [0m[1m[0mversion[0m[0m   = "latest"
        }
    }

[0m[1mPlan:[0m 4 to add, 0 to change, 0 to destroy.[0m

------------------------------------------------------------------------

This plan was saved to: .\vmwleucvan106.tfplan

To perform exactly these actions, run the following command to apply:
    terraform apply ".\\vmwleucvan106.tfplan"

